
Microsoft Visual Studio Solution File, Format Version 12.00
# Visual Studio Version 17
VisualStudioVersion = 17.4.33213.308
MinimumVisualStudioVersion = 10.0.40219.1
Project("{FAE04EC0-301F-11D3-BF4B-00C04F79EFBC}") = "WebEnabled.Tv.NVar", "WebEnabled.Tv.NVar\WebEnabled.Tv.NVar.csproj", "{75EED43D-CCA1-46B7-806C-C02A504E6DC0}"
EndProject
Project("{FAE04EC0-301F-11D3-BF4B-00C04F79EFBC}") = "WenEnabled.Tv.NVar.Tests", "WenEnabled.Tv.NVar.Tests\WenEnabled.Tv.NVar.Tests.csproj", "{5F717C16-63F4-4BA1-8B96-2BD6DE5B551B}"
EndProject
Global
	GlobalSection(SolutionConfigurationPlatforms) = preSolution
		Debug|Any CPU = Debug|Any CPU
		Release|Any CPU = Release|Any CPU
	EndGlobalSection
	GlobalSection(ProjectConfigurationPlatforms) = postSolution
		{75EED43D-CCA1-46B7-806C-C02A504E6DC0}.Debug|Any CPU.ActiveCfg = Debug|Any CPU
		{75EED43D-CCA1-46B7-806C-C02A504E6DC0}.Debug|Any CPU.Build.0 = Debug|Any CPU
		{75EED43D-CCA1-46B7-806C-C02A504E6DC0}.Release|Any CPU.ActiveCfg = Release|Any CPU
		{75EED43D-CCA1-46B7-806C-C02A504E6DC0}.Release|Any CPU.Build.0 = Release|Any CPU
		{5F717C16-63F4-4BA1-8B96-2BD6DE5B551B}.Debug|Any CPU.ActiveCfg = Debug|Any CPU
		{5F717C16-63F4-4BA1-8B96-2BD6DE5B551B}.Debug|Any CPU.Build.0 = Debug|Any CPU
		{5F717C16-63F4-4BA1-8B96-2BD6DE5B551B}.Release|Any CPU.ActiveCfg = Release|Any CPU
		{5F717C16-63F4-4BA1-8B96-2BD6DE5B551B}.Release|Any CPU.Build.0 = Release|Any CPU
	EndGlobalSection
	GlobalSection(SolutionProperties) = preSolution
		HideSolutionNode = FALSE
	EndGlobalSection
	GlobalSection(ExtensibilityGlobals) = postSolution
		SolutionGuid = {AB3AEA6A-C9C8-45FE-A839-27E1643AB43B}
	EndGlobalSection
EndGlobal
